
Microsoft Visual Studio Solution File, Format Version 12.00
# Visual Studio Version 16
VisualStudioVersion = 16.0.30804.86
MinimumVisualStudioVersion = 10.0.40219.1
Project("{FAE04EC0-301F-11D3-BF4B-00C04F79EFBC}") = "TempConverter", "TempConverter\TempConverter.csproj", "{88638486-4383-4478-9E98-DADBB9386C96}"
EndProject
Global
	GlobalSection(SolutionConfigurationPlatforms) = preSolution
		Debug|Any CPU = Debug|Any CPU
		Release|Any CPU = Release|Any CPU
	EndGlobalSection
	GlobalSection(ProjectConfigurationPlatforms) = postSolution
		{88638486-4383-4478-9E98-DADBB9386C96}.Debug|Any CPU.ActiveCfg = Debug|Any CPU
		{88638486-4383-4478-9E98-DADBB9386C96}.Debug|Any CPU.Build.0 = Debug|Any CPU
		{88638486-4383-4478-9E98-DADBB9386C96}.Release|Any CPU.ActiveCfg = Release|Any CPU
		{88638486-4383-4478-9E98-DADBB9386C96}.Release|Any CPU.Build.0 = Release|Any CPU
	EndGlobalSection
	GlobalSection(SolutionProperties) = preSolution
		HideSolutionNode = FALSE
	EndGlobalSection
	GlobalSection(ExtensibilityGlobals) = postSolution
		SolutionGuid = {F56029AD-7522-4B5D-87E7-1A211975C19B}
	EndGlobalSection
EndGlobal
